
Microsoft Visual Studio Solution File, Format Version 12.00
# Visual Studio Version 16
VisualStudioVersion = 16.0.33130.400
MinimumVisualStudioVersion = 10.0.40219.1
Project("{FAE04EC0-301F-11D3-BF4B-00C04F79EFBC}") = "GestionListasRestrictivas", "GestionListasRestrictivas\GestionListasRestrictivas.csproj", "{57FD6792-8EE0-4FC5-A55A-3AB0B0F7B1AF}"
EndProject
Global
	GlobalSection(SolutionConfigurationPlatforms) = preSolution
		Debug|Any CPU = Debug|Any CPU
		Release|Any CPU = Release|Any CPU
	EndGlobalSection
	GlobalSection(ProjectConfigurationPlatforms) = postSolution
		{57FD6792-8EE0-4FC5-A55A-3AB0B0F7B1AF}.Debug|Any CPU.ActiveCfg = Debug|Any CPU
		{57FD6792-8EE0-4FC5-A55A-3AB0B0F7B1AF}.Debug|Any CPU.Build.0 = Debug|Any CPU
		{57FD6792-8EE0-4FC5-A55A-3AB0B0F7B1AF}.Release|Any CPU.ActiveCfg = Release|Any CPU
		{57FD6792-8EE0-4FC5-A55A-3AB0B0F7B1AF}.Release|Any CPU.Build.0 = Release|Any CPU
	EndGlobalSection
	GlobalSection(SolutionProperties) = preSolution
		HideSolutionNode = FALSE
	EndGlobalSection
	GlobalSection(ExtensibilityGlobals) = postSolution
		SolutionGuid = {56A17B8E-45E9-4BE1-8261-543DFECEA7D3}
	EndGlobalSection
EndGlobal
